
Microsoft Visual Studio Solution File, Format Version 12.00
# Visual Studio 15
VisualStudioVersion = 15.0.26730.15
MinimumVisualStudioVersion = 10.0.40219.1
Project("{FAE04EC0-301F-11D3-BF4B-00C04F79EFBC}") = "projetoTeste", "projetoTeste\projetoTeste.csproj", "{F125199D-8E2E-4382-9CD8-C201E1380DCD}"
EndProject
Global
	GlobalSection(SolutionConfigurationPlatforms) = preSolution
		Debug|Any CPU = Debug|Any CPU
		Release|Any CPU = Release|Any CPU
	EndGlobalSection
	GlobalSection(ProjectConfigurationPlatforms) = postSolution
		{F125199D-8E2E-4382-9CD8-C201E1380DCD}.Debug|Any CPU.ActiveCfg = Debug|Any CPU
		{F125199D-8E2E-4382-9CD8-C201E1380DCD}.Debug|Any CPU.Build.0 = Debug|Any CPU
		{F125199D-8E2E-4382-9CD8-C201E1380DCD}.Release|Any CPU.ActiveCfg = Release|Any CPU
		{F125199D-8E2E-4382-9CD8-C201E1380DCD}.Release|Any CPU.Build.0 = Release|Any CPU
	EndGlobalSection
	GlobalSection(SolutionProperties) = preSolution
		HideSolutionNode = FALSE
	EndGlobalSection
	GlobalSection(ExtensibilityGlobals) = postSolution
		SolutionGuid = {EC733EFD-039C-4967-80A9-54F0969E7480}
	EndGlobalSection
EndGlobal
